
Microsoft Visual Studio Solution File, Format Version 12.00
# Visual Studio 15
VisualStudioVersion = 15.0.26730.10
MinimumVisualStudioVersion = 10.0.40219.1
Project("{9A19103F-16F7-4668-BE54-9A1E7A4F7556}") = "Yamac.LineMessagingApi.Models", "src\Yamac.LineMessagingApi.Models\Yamac.LineMessagingApi.Models.csproj", "{659088ED-6126-49D2-8C62-06BE401F6CEC}"
EndProject
Project("{9A19103F-16F7-4668-BE54-9A1E7A4F7556}") = "Yamac.LineMessagingApi.Client", "src\Yamac.LineMessagingApi.Client\Yamac.LineMessagingApi.Client.csproj", "{B0217B2C-893F-44C8-86B0-D65FD3661902}"
EndProject
Project("{9A19103F-16F7-4668-BE54-9A1E7A4F7556}") = "Yamac.LineMessagingApi.AspNetCore.Middleware", "src\Yamac.LineMessagingApi.AspNetCore.Middleware\Yamac.LineMessagingApi.AspNetCore.Middleware.csproj", "{0B7E27B3-B0DF-4468-90DD-1F70CDB67856}"
EndProject
Global
	GlobalSection(SolutionConfigurationPlatforms) = preSolution
		Debug|Any CPU = Debug|Any CPU
		Debug|x64 = Debug|x64
		Debug|x86 = Debug|x86
		Release|Any CPU = Release|Any CPU
		Release|x64 = Release|x64
		Release|x86 = Release|x86
	EndGlobalSection
	GlobalSection(ProjectConfigurationPlatforms) = postSolution
		{659088ED-6126-49D2-8C62-06BE401F6CEC}.Debug|Any CPU.ActiveCfg = Debug|Any CPU
		{659088ED-6126-49D2-8C62-06BE401F6CEC}.Debug|Any CPU.Build.0 = Debug|Any CPU
		{659088ED-6126-49D2-8C62-06BE401F6CEC}.Debug|x64.ActiveCfg = Debug|Any CPU
		{659088ED-6126-49D2-8C62-06BE401F6CEC}.Debug|x64.Build.0 = Debug|Any CPU
		{659088ED-6126-49D2-8C62-06BE401F6CEC}.Debug|x86.ActiveCfg = Debug|Any CPU
		{659088ED-6126-49D2-8C62-06BE401F6CEC}.Debug|x86.Build.0 = Debug|Any CPU
		{659088ED-6126-49D2-8C62-06BE401F6CEC}.Release|Any CPU.ActiveCfg = Release|Any CPU
		{659088ED-6126-49D2-8C62-06BE401F6CEC}.Release|Any CPU.Build.0 = Release|Any CPU
		{659088ED-6126-49D2-8C62-06BE401F6CEC}.Release|x64.ActiveCfg = Release|Any CPU
		{659088ED-6126-49D2-8C62-06BE401F6CEC}.Release|x64.Build.0 = Release|Any CPU
		{659088ED-6126-49D2-8C62-06BE401F6CEC}.Release|x86.ActiveCfg = Release|Any CPU
		{659088ED-6126-49D2-8C62-06BE401F6CEC}.Release|x86.Build.0 = Release|Any CPU
		{B0217B2C-893F-44C8-86B0-D65FD3661902}.Debug|Any CPU.ActiveCfg = Debug|Any CPU
		{B0217B2C-893F-44C8-86B0-D65FD3661902}.Debug|Any CPU.Build.0 = Debug|Any CPU
		{B0217B2C-893F-44C8-86B0-D65FD3661902}.Debug|x64.ActiveCfg = Debug|Any CPU
		{B0217B2C-893F-44C8-86B0-D65FD3661902}.Debug|x64.Build.0 = Debug|Any CPU
		{B0217B2C-893F-44C8-86B0-D65FD3661902}.Debug|x86.ActiveCfg = Debug|Any CPU
		{B0217B2C-893F-44C8-86B0-D65FD3661902}.Debug|x86.Build.0 = Debug|Any CPU
		{B0217B2C-893F-44C8-86B0-D65FD3661902}.Release|Any CPU.ActiveCfg = Release|Any CPU
		{B0217B2C-893F-44C8-86B0-D65FD3661902}.Release|Any CPU.Build.0 = Release|Any CPU
		{B0217B2C-893F-44C8-86B0-D65FD3661902}.Release|x64.ActiveCfg = Release|Any CPU
		{B0217B2C-893F-44C8-86B0-D65FD3661902}.Release|x64.Build.0 = Release|Any CPU
		{B0217B2C-893F-44C8-86B0-D65FD3661902}.Release|x86.ActiveCfg = Release|Any CPU
		{B0217B2C-893F-44C8-86B0-D65FD3661902}.Release|x86.Build.0 = Release|Any CPU
		{0B7E27B3-B0DF-4468-90DD-1F70CDB67856}.Debug|Any CPU.ActiveCfg = Debug|Any CPU
		{0B7E27B3-B0DF-4468-90DD-1F70CDB67856}.Debug|Any CPU.Build.0 = Debug|Any CPU
		{0B7E27B3-B0DF-4468-90DD-1F70CDB67856}.Debug|x64.ActiveCfg = Debug|Any CPU
		{0B7E27B3-B0DF-4468-90DD-1F70CDB67856}.Debug|x64.Build.0 = Debug|Any CPU
		{0B7E27B3-B0DF-4468-90DD-1F70CDB67856}.Debug|x86.ActiveCfg = Debug|Any CPU
		{0B7E27B3-B0DF-4468-90DD-1F70CDB67856}.Debug|x86.Build.0 = Debug|Any CPU
		{0B7E27B3-B0DF-4468-90DD-1F70CDB67856}.Release|Any CPU.ActiveCfg = Release|Any CPU
		{0B7E27B3-B0DF-4468-90DD-1F70CDB67856}.Release|Any CPU.Build.0 = Release|Any CPU
		{0B7E27B3-B0DF-4468-90DD-1F70CDB67856}.Release|x64.ActiveCfg = Release|Any CPU
		{0B7E27B3-B0DF-4468-90DD-1F70CDB67856}.Release|x64.Build.0 = Release|Any CPU
		{0B7E27B3-B0DF-4468-90DD-1F70CDB67856}.Release|x86.ActiveCfg = Release|Any CPU
		{0B7E27B3-B0DF-4468-90DD-1F70CDB67856}.Release|x86.Build.0 = Release|Any CPU
	EndGlobalSection
	GlobalSection(SolutionProperties) = preSolution
		HideSolutionNode = FALSE
	EndGlobalSection
	GlobalSection(ExtensibilityGlobals) = postSolution
		SolutionGuid = {16A5CDB4-D388-4B94-9D31-FD1AF8204958}
	EndGlobalSection
EndGlobal
